
Microsoft Visual Studio Solution File, Format Version 12.00
# Visual Studio Version 17
VisualStudioVersion = 17.0.32112.339
MinimumVisualStudioVersion = 10.0.40219.1
Project("{FAE04EC0-301F-11D3-BF4B-00C04F79EFBC}") = "Nivel 3 Pacman", "Nivel 3 Pacman.csproj", "{590326A8-7F7F-4E35-97BB-E90E7F3BBACA}"
EndProject
Global
	GlobalSection(SolutionConfigurationPlatforms) = preSolution
		Debug|Any CPU = Debug|Any CPU
		Release|Any CPU = Release|Any CPU
	EndGlobalSection
	GlobalSection(ProjectConfigurationPlatforms) = postSolution
		{590326A8-7F7F-4E35-97BB-E90E7F3BBACA}.Debug|Any CPU.ActiveCfg = Debug|Any CPU
		{590326A8-7F7F-4E35-97BB-E90E7F3BBACA}.Debug|Any CPU.Build.0 = Debug|Any CPU
		{590326A8-7F7F-4E35-97BB-E90E7F3BBACA}.Release|Any CPU.ActiveCfg = Release|Any CPU
		{590326A8-7F7F-4E35-97BB-E90E7F3BBACA}.Release|Any CPU.Build.0 = Release|Any CPU
	EndGlobalSection
	GlobalSection(SolutionProperties) = preSolution
		HideSolutionNode = FALSE
	EndGlobalSection
	GlobalSection(ExtensibilityGlobals) = postSolution
		SolutionGuid = {C6722CA7-5EC7-498D-8013-C221953E9801}
	EndGlobalSection
EndGlobal
